
Microsoft Visual Studio Solution File, Format Version 12.00
# Visual Studio Version 16
VisualStudioVersion = 16.0.30320.27
MinimumVisualStudioVersion = 10.0.40219.1
Project("{FAE04EC0-301F-11D3-BF4B-00C04F79EFBC}") = "MeetupAPI", "MeetupAPI.csproj", "{29548195-9C96-4DF1-BFF6-235D83AA703C}"
EndProject
Global
	GlobalSection(SolutionConfigurationPlatforms) = preSolution
		Debug|Any CPU = Debug|Any CPU
		Release|Any CPU = Release|Any CPU
	EndGlobalSection
	GlobalSection(ProjectConfigurationPlatforms) = postSolution
		{29548195-9C96-4DF1-BFF6-235D83AA703C}.Debug|Any CPU.ActiveCfg = Debug|Any CPU
		{29548195-9C96-4DF1-BFF6-235D83AA703C}.Debug|Any CPU.Build.0 = Debug|Any CPU
		{29548195-9C96-4DF1-BFF6-235D83AA703C}.Release|Any CPU.ActiveCfg = Release|Any CPU
		{29548195-9C96-4DF1-BFF6-235D83AA703C}.Release|Any CPU.Build.0 = Release|Any CPU
	EndGlobalSection
	GlobalSection(SolutionProperties) = preSolution
		HideSolutionNode = FALSE
	EndGlobalSection
	GlobalSection(ExtensibilityGlobals) = postSolution
		SolutionGuid = {4502C8EF-24EA-4F44-B90B-1D866B3C7B03}
	EndGlobalSection
EndGlobal
